
Microsoft Visual Studio Solution File, Format Version 12.00
# Visual Studio Version 16
VisualStudioVersion = 16.0.32126.315
MinimumVisualStudioVersion = 10.0.40219.1
Project("{FAE04EC0-301F-11D3-BF4B-00C04F79EFBC}") = "resminnegatifinialma", "resminnegatifinialma\resminnegatifinialma.csproj", "{0D15EA13-05D6-4F12-BD49-8AEA0DD71609}"
EndProject
Global
	GlobalSection(SolutionConfigurationPlatforms) = preSolution
		Debug|Any CPU = Debug|Any CPU
		Release|Any CPU = Release|Any CPU
	EndGlobalSection
	GlobalSection(ProjectConfigurationPlatforms) = postSolution
		{0D15EA13-05D6-4F12-BD49-8AEA0DD71609}.Debug|Any CPU.ActiveCfg = Debug|Any CPU
		{0D15EA13-05D6-4F12-BD49-8AEA0DD71609}.Debug|Any CPU.Build.0 = Debug|Any CPU
		{0D15EA13-05D6-4F12-BD49-8AEA0DD71609}.Release|Any CPU.ActiveCfg = Release|Any CPU
		{0D15EA13-05D6-4F12-BD49-8AEA0DD71609}.Release|Any CPU.Build.0 = Release|Any CPU
	EndGlobalSection
	GlobalSection(SolutionProperties) = preSolution
		HideSolutionNode = FALSE
	EndGlobalSection
	GlobalSection(ExtensibilityGlobals) = postSolution
		SolutionGuid = {89D0E6E1-9E3C-4029-90A6-7EDB38CDAE77}
	EndGlobalSection
EndGlobal
